// !$*UTF8*$!
{
	archiveVersion = 1;
	classes = {
	};
	objectVersion = 46;
	objects = {

/* Begin PBXBuildFile section */
		80DA9C7BE9AE571CE4331509 /* Pods_SlideDownAlertView.framework in Frameworks */ = {isa = PBXBuildFile; fileRef = 654EAF63875287EE646CD90C /* Pods_SlideDownAlertView.framework */; };
		F0D905951D9A52AD0067215C /* AppDelegate.swift in Sources */ = {isa = PBXBuildFile; fileRef = F0D905941D9A52AD0067215C /* AppDelegate.swift */; };
		F0D905971D9A52AD0067215C /* ViewController.swift in Sources */ = {isa = PBXBuildFile; fileRef = F0D905961D9A52AD0067215C /* ViewController.swift */; };
		F0D9059A1D9A52AD0067215C /* Main.storyboard in Resources */ = {isa = PBXBuildFile; fileRef = F0D905981D9A52AD0067215C /* Main.storyboard */; };
		F0D9059C1D9A52AD0067215C /* Assets.xcassets in Resources */ = {isa = PBXBuildFile; fileRef = F0D9059B1D9A52AD0067215C /* Assets.xcassets */; };
		F0D9059F1D9A52AD0067215C /* LaunchScreen.storyboard in Resources */ = {isa = PBXBuildFile; fileRef = F0D9059D1D9A52AD0067215C /* LaunchScreen.storyboard */; };
		F0D905AA1D9A52AD0067215C /* SlideDownAlertViewTests.swift in Sources */ = {isa = PBXBuildFile; fileRef = F0D905A91D9A52AD0067215C /* SlideDownAlertViewTests.swift */; };
		F0D905B51D9A52AD0067215C /* SlideDownAlertViewUITests.swift in Sources */ = {isa = PBXBuildFile; fileRef = F0D905B41D9A52AD0067215C /* SlideDownAlertViewUITests.swift */; };
		F0DDBD521D9AACEF00A286ED /* SlideDownAlertView.swift in Sources */ = {isa = PBXBuildFile; fileRef = F0DDBD511D9AACEF00A286ED /* SlideDownAlertView.swift */; };
/* End PBXBuildFile section */

/* Begin PBXContainerItemProxy section */
		F0D905A61D9A52AD0067215C /* PBXContainerItemProxy */ = {
			isa = PBXContainerItemProxy;
			containerPortal = F0D905891D9A52AC0067215C /* Project object */;
			proxyType = 1;
			remoteGlobalIDString = F0D905901D9A52AC0067215C;
			remoteInfo = SlideDownAlertView;
		};
		F0D905B11D9A52AD0067215C /* PBXContainerItemProxy */ = {
			isa = PBXContainerItemProxy;
			containerPortal = F0D905891D9A52AC0067215C /* Project object */;
			proxyType = 1;
			remoteGlobalIDString = F0D905901D9A52AC0067215C;
			remoteInfo = SlideDownAlertView;
		};
/* End PBXContainerItemProxy section */

/* Begin PBXFileReference section */
		2CD81405AD8AD27EBE7D4710 /* Pods-SlideDownAlertView.release.xcconfig */ = {isa = PBXFileReference; includeInIndex = 1; lastKnownFileType = text.xcconfig; name = "Pods-SlideDownAlertView.release.xcconfig"; path = "Pods/Target Support Files/Pods-SlideDownAlertView/Pods-SlideDownAlertView.release.xcconfig"; sourceTree = "<group>"; };
		654EAF63875287EE646CD90C /* Pods_SlideDownAlertView.framework */ = {isa = PBXFileReference; explicitFileType = wrapper.framework; includeInIndex = 0; path = Pods_SlideDownAlertView.framework; sourceTree = BUILT_PRODUCTS_DIR; };
		B9AA55C0973D0C229E8C4C1D /* Pods-SlideDownAlertView.debug.xcconfig */ = {isa = PBXFileReference; includeInIndex = 1; lastKnownFileType = text.xcconfig; name = "Pods-SlideDownAlertView.debug.xcconfig"; path = "Pods/Target Support Files/Pods-SlideDownAlertView/Pods-SlideDownAlertView.debug.xcconfig"; sourceTree = "<group>"; };
		F0D905911D9A52AD0067215C /* SlideDownAlertView.app */ = {isa = PBXFileReference; explicitFileType = wrapper.application; includeInIndex = 0; path = SlideDownAlertView.app; sourceTree = BUILT_PRODUCTS_DIR; };
		F0D905941D9A52AD0067215C /* AppDelegate.swift */ = {isa = PBXFileReference; lastKnownFileType = sourcecode.swift; path = AppDelegate.swift; sourceTree = "<group>"; };
		F0D905961D9A52AD0067215C /* ViewController.swift */ = {isa = PBXFileReference; lastKnownFileType = sourcecode.swift; path = ViewController.swift; sourceTree = "<group>"; };
		F0D905991D9A52AD0067215C /* Base */ = {isa = PBXFileReference; lastKnownFileType = file.storyboard; name = Base; path = Base.lproj/Main.storyboard; sourceTree = "<group>"; };
		F0D9059B1D9A52AD0067215C /* Assets.xcassets */ = {isa = PBXFileReference; lastKnownFileType = folder.assetcatalog; path = Assets.xcassets; sourceTree = "<group>"; };
		F0D9059E1D9A52AD0067215C /* Base */ = {isa = PBXFileReference; lastKnownFileType = file.storyboard; name = Base; path = Base.lproj/LaunchScreen.storyboard; sourceTree = "<group>"; };
		F0D905A01D9A52AD0067215C /* Info.plist */ = {isa = PBXFileReference; lastKnownFileType = text.plist.xml; path = Info.plist; sourceTree = "<group>"; };
		F0D905A51D9A52AD0067215C /* SlideDownAlertViewTests.xctest */ = {isa = PBXFileReference; explicitFileType = wrapper.cfbundle; includeInIndex = 0; path = SlideDownAlertViewTests.xctest; sourceTree = BUILT_PRODUCTS_DIR; };
		F0D905A91D9A52AD0067215C /* SlideDownAlertViewTests.swift */ = {isa = PBXFileReference; lastKnownFileType = sourcecode.swift; path = SlideDownAlertViewTests.swift; sourceTree = "<group>"; };
		F0D905AB1D9A52AD0067215C /* Info.plist */ = {isa = PBXFileReference; lastKnownFileType = text.plist.xml; path = Info.plist; sourceTree = "<group>"; };
		F0D905B01D9A52AD0067215C /* SlideDownAlertViewUITests.xctest */ = {isa = PBXFileReference; explicitFileType = wrapper.cfbundle; includeInIndex = 0; path = SlideDownAlertViewUITests.xctest; sourceTree = BUILT_PRODUCTS_DIR; };
		F0D905B41D9A52AD0067215C /* SlideDownAlertViewUITests.swift */ = {isa = PBXFileReference; lastKnownFileType = sourcecode.swift; path = SlideDownAlertViewUITests.swift; sourceTree = "<group>"; };
		F0D905B61D9A52AD0067215C /* Info.plist */ = {isa = PBXFileReference; lastKnownFileType = text.plist.xml; path = Info.plist; sourceTree = "<group>"; };
		F0DDBD511D9AACEF00A286ED /* SlideDownAlertView.swift */ = {isa = PBXFileReference; fileEncoding = 4; lastKnownFileType = sourcecode.swift; path = SlideDownAlertView.swift; sourceTree = "<group>"; };
/* End PBXFileReference section */

/* Begin PBXFrameworksBuildPhase section */
		F0D9058E1D9A52AC0067215C /* Frameworks */ = {
			isa = PBXFrameworksBuildPhase;
			buildActionMask = 2147483647;
			files = (
				80DA9C7BE9AE571CE4331509 /* Pods_SlideDownAlertView.framework in Frameworks */,
			);
			runOnlyForDeploymentPostprocessing = 0;
		};
		F0D905A21D9A52AD0067215C /* Frameworks */ = {
			isa = PBXFrameworksBuildPhase;
			buildActionMask = 2147483647;
			files = (
			);
			runOnlyForDeploymentPostprocessing = 0;
		};
		F0D905AD1D9A52AD0067215C /* Frameworks */ = {
			isa = PBXFrameworksBuildPhase;
			buildActionMask = 2147483647;
			files = (
			);
			runOnlyForDeploymentPostprocessing = 0;
		};
/* End PBXFrameworksBuildPhase section */

/* Begin PBXGroup section */
		6DF6C03BA3B5F0B192DAA663 /* Pods */ = {
			isa = PBXGroup;
			children = (
				B9AA55C0973D0C229E8C4C1D /* Pods-SlideDownAlertView.debug.xcconfig */,
				2CD81405AD8AD27EBE7D4710 /* Pods-SlideDownAlertView.release.xcconfig */,
			);
			name = Pods;
			sourceTree = "<group>";
		};
		947BC8B19EC1FE55B7013E85 /* Frameworks */ = {
			isa = PBXGroup;
			children = (
				654EAF63875287EE646CD90C /* Pods_SlideDownAlertView.framework */,
			);
			name = Frameworks;
			sourceTree = "<group>";
		};
		F0D905881D9A52AC0067215C = {
			isa = PBXGroup;
			children = (
				F0D905931D9A52AD0067215C /* SlideDownAlertView */,
				F0D905A81D9A52AD0067215C /* SlideDownAlertViewTests */,
				F0D905B31D9A52AD0067215C /* SlideDownAlertViewUITests */,
				F0D905921D9A52AD0067215C /* Products */,
				6DF6C03BA3B5F0B192DAA663 /* Pods */,
				947BC8B19EC1FE55B7013E85 /* Frameworks */,
			);
			sourceTree = "<group>";
		};
		F0D905921D9A52AD0067215C /* Products */ = {
			isa = PBXGroup;
			children = (
				F0D905911D9A52AD0067215C /* SlideDownAlertView.app */,
				F0D905A51D9A52AD0067215C /* SlideDownAlertViewTests.xctest */,
				F0D905B01D9A52AD0067215C /* SlideDownAlertViewUITests.xctest */,
			);
			name = Products;
			sourceTree = "<group>";
		};
		F0D905931D9A52AD0067215C /* SlideDownAlertView */ = {
			isa = PBXGroup;
			children = (
				F0D905941D9A52AD0067215C /* AppDelegate.swift */,
				F0D905961D9A52AD0067215C /* ViewController.swift */,
				F0DDBD501D9AACB700A286ED /* SlideDownAlertView */,
				F0D905981D9A52AD0067215C /* Main.storyboard */,
				F0D9059B1D9A52AD0067215C /* Assets.xcassets */,
				F0D9059D1D9A52AD0067215C /* LaunchScreen.storyboard */,
				F0D905A01D9A52AD0067215C /* Info.plist */,
			);
			path = SlideDownAlertView;
			sourceTree = "<group>";
		};
		F0D905A81D9A52AD0067215C /* SlideDownAlertViewTests */ = {
			isa = PBXGroup;
			children = (
				F0D905A91D9A52AD0067215C /* SlideDownAlertViewTests.swift */,
				F0D905AB1D9A52AD0067215C /* Info.plist */,
			);
			path = SlideDownAlertViewTests;
			sourceTree = "<group>";
		};
		F0D905B31D9A52AD0067215C /* SlideDownAlertViewUITests */ = {
			isa = PBXGroup;
			children = (
				F0D905B41D9A52AD0067215C /* SlideDownAlertViewUITests.swift */,
				F0D905B61D9A52AD0067215C /* Info.plist */,
			);
			path = SlideDownAlertViewUITests;
			sourceTree = "<group>";
		};
		F0DDBD501D9AACB700A286ED /* SlideDownAlertView */ = {
			isa = PBXGroup;
			children = (
				F0DDBD511D9AACEF00A286ED /* SlideDownAlertView.swift */,
			);
			name = SlideDownAlertView;
			sourceTree = "<group>";
		};
/* End PBXGroup section */

/* Begin PBXNativeTarget section */
		F0D905901D9A52AC0067215C /* SlideDownAlertView */ = {
			isa = PBXNativeTarget;
			buildConfigurationList = F0D905B91D9A52AD0067215C /* Build configuration list for PBXNativeTarget "SlideDownAlertView" */;
			buildPhases = (
				A2D9BCDE3A2ACC67232C62C1 /* Check Pods Manifest.lock */,
				F0D9058D1D9A52AC0067215C /* Sources */,
				F0D9058E1D9A52AC0067215C /* Frameworks */,
				F0D9058F1D9A52AC0067215C /* Resources */,
				A95927A631B90E7D2D027473 /* Embed Pods Frameworks */,
				DA61F9436973AFEF4A1C984F /* Copy Pods Resources */,
			);
			buildRules = (
			);
			dependencies = (
			);
			name = SlideDownAlertView;
			productName = SlideDownAlertView;
			productReference = F0D905911D9A52AD0067215C /* SlideDownAlertView.app */;
			productType = "com.apple.product-type.application";
		};
		F0D905A41D9A52AD0067215C /* SlideDownAlertViewTests */ = {
			isa = PBXNativeTarget;
			buildConfigurationList = F0D905BC1D9A52AD0067215C /* Build configuration list for PBXNativeTarget "SlideDownAlertViewTests" */;
			buildPhases = (
				F0D905A11D9A52AD0067215C /* Sources */,
				F0D905A21D9A52AD0067215C /* Frameworks */,
				F0D905A31D9A52AD0067215C /* Resources */,
			);
			buildRules = (
			);
			dependencies = (
				F0D905A71D9A52AD0067215C /* PBXTargetDependency */,
			);
			name = SlideDownAlertViewTests;
			productName = SlideDownAlertViewTests;
			productReference = F0D905A51D9A52AD0067215C /* SlideDownAlertViewTests.xctest */;
			productType = "com.apple.product-type.bundle.unit-test";
		};
		F0D905AF1D9A52AD0067215C /* SlideDownAlertViewUITests */ = {
			isa = PBXNativeTarget;
			buildConfigurationList = F0D905BF1D9A52AD0067215C /* Build configuration list for PBXNativeTarget "SlideDownAlertViewUITests" */;
			buildPhases = (
				F0D905AC1D9A52AD0067215C /* Sources */,
				F0D905AD1D9A52AD0067215C /* Frameworks */,
				F0D905AE1D9A52AD0067215C /* Resources */,
			);
			buildRules = (
			);
			dependencies = (
				F0D905B21D9A52AD0067215C /* PBXTargetDependency */,
			);
			name = SlideDownAlertViewUITests;
			productName = SlideDownAlertViewUITests;
			productReference = F0D905B01D9A52AD0067215C /* SlideDownAlertViewUITests.xctest */;
			productType = "com.apple.product-type.bundle.ui-testing";
		};
/* End PBXNativeTarget section */

/* Begin PBXProject section */
		F0D905891D9A52AC0067215C /* Project object */ = {
			isa = PBXProject;
			attributes = {
				LastSwiftUpdateCheck = 0800;
				LastUpgradeCheck = 0800;
				ORGANIZATIONNAME = "Teruto Yamasaki";
				TargetAttributes = {
					F0D905901D9A52AC0067215C = {
						CreatedOnToolsVersion = 8.0;
						DevelopmentTeam = A87JSR2QQW;
						ProvisioningStyle = Automatic;
					};
					F0D905A41D9A52AD0067215C = {
						CreatedOnToolsVersion = 8.0;
						ProvisioningStyle = Automatic;
						TestTargetID = F0D905901D9A52AC0067215C;
					};
					F0D905AF1D9A52AD0067215C = {
						CreatedOnToolsVersion = 8.0;
						ProvisioningStyle = Automatic;
						TestTargetID = F0D905901D9A52AC0067215C;
					};
				};
			};
			buildConfigurationList = F0D9058C1D9A52AC0067215C /* Build configuration list for PBXProject "SlideDownAlertView" */;
			compatibilityVersion = "Xcode 3.2";
			developmentRegion = English;
			hasScannedForEncodings = 0;
			knownRegions = (
				en,
				Base,
			);
			mainGroup = F0D905881D9A52AC0067215C;
			productRefGroup = F0D905921D9A52AD0067215C /* Products */;
			projectDirPath = "";
			projectRoot = "";
			targets = (
				F0D905901D9A52AC0067215C /* SlideDownAlertView */,
				F0D905A41D9A52AD0067215C /* SlideDownAlertViewTests */,
				F0D905AF1D9A52AD0067215C /* SlideDownAlertViewUITests */,
			);
		};
/* End PBXProject section */

/* Begin PBXResourcesBuildPhase section */
		F0D9058F1D9A52AC0067215C /* Resources */ = {
			isa = PBXResourcesBuildPhase;
			buildActionMask = 2147483647;
			files = (
				F0D9059F1D9A52AD0067215C /* LaunchScreen.storyboard in Resources */,
				F0D9059C1D9A52AD0067215C /* Assets.xcassets in Resources */,
				F0D9059A1D9A52AD0067215C /* Main.storyboard in Resources */,
			);
			runOnlyForDeploymentPostprocessing = 0;
		};
		F0D905A31D9A52AD0067215C /* Resources */ = {
			isa = PBXResourcesBuildPhase;
			buildActionMask = 2147483647;
			files = (
			);
			runOnlyForDeploymentPostprocessing = 0;
		};
		F0D905AE1D9A52AD0067215C /* Resources */ = {
			isa = PBXResourcesBuildPhase;
			buildActionMask = 2147483647;
			files = (
			);
			runOnlyForDeploymentPostprocessing = 0;
		};
/* End PBXResourcesBuildPhase section */

/* Begin PBXShellScriptBuildPhase section */
		A2D9BCDE3A2ACC67232C62C1 /* Check Pods Manifest.lock */ = {
			isa = PBXShellScriptBuildPhase;
			buildActionMask = 2147483647;
			files = (
			);
			inputPaths = (
			);
			name = "Check Pods Manifest.lock";
			outputPaths = (
			);
			runOnlyForDeploymentPostprocessing = 0;
			shellPath = /bin/sh;
			shellScript = "diff \"${PODS_ROOT}/../Podfile.lock\" \"${PODS_ROOT}/Manifest.lock\" > /dev/null\nif [[ $? != 0 ]] ; then\n    cat << EOM\nerror: The sandbox is not in sync with the Podfile.lock. Run 'pod install' or update your CocoaPods installation.\nEOM\n    exit 1\nfi\n";
			showEnvVarsInLog = 0;
		};
		A95927A631B90E7D2D027473 /* Embed Pods Frameworks */ = {
			isa = PBXShellScriptBuildPhase;
			buildActionMask = 2147483647;
			files = (
			);
			inputPaths = (
			);
			name = "Embed Pods Frameworks";
			outputPaths = (
			);
			runOnlyForDeploymentPostprocessing = 0;
			shellPath = /bin/sh;
			shellScript = "\"${SRCROOT}/Pods/Target Support Files/Pods-SlideDownAlertView/Pods-SlideDownAlertView-frameworks.sh\"\n";
			showEnvVarsInLog = 0;
		};
		DA61F9436973AFEF4A1C984F /* Copy Pods Resources */ = {
			isa = PBXShellScriptBuildPhase;
			buildActionMask = 2147483647;
			files = (
			);
			inputPaths = (
			);
			name = "Copy Pods Resources";
			outputPaths = (
			);
			runOnlyForDeploymentPostprocessing = 0;
			shellPath = /bin/sh;
			shellScript = "\"${SRCROOT}/Pods/Target Support Files/Pods-SlideDownAlertView/Pods-SlideDownAlertView-resources.sh\"\n";
			showEnvVarsInLog = 0;
		};
/* End PBXShellScriptBuildPhase section */

/* Begin PBXSourcesBuildPhase section */
		F0D9058D1D9A52AC0067215C /* Sources */ = {
			isa = PBXSourcesBuildPhase;
			buildActionMask = 2147483647;
			files = (
				F0D905971D9A52AD0067215C /* ViewController.swift in Sources */,
				F0D905951D9A52AD0067215C /* AppDelegate.swift in Sources */,
				F0DDBD521D9AACEF00A286ED /* SlideDownAlertView.swift in Sources */,
			);
			runOnlyForDeploymentPostprocessing = 0;
		};
		F0D905A11D9A52AD0067215C /* Sources */ = {
			isa = PBXSourcesBuildPhase;
			buildActionMask = 2147483647;
			files = (
				F0D905AA1D9A52AD0067215C /* SlideDownAlertViewTests.swift in Sources */,
			);
			runOnlyForDeploymentPostprocessing = 0;
		};
		F0D905AC1D9A52AD0067215C /* Sources */ = {
			isa = PBXSourcesBuildPhase;
			buildActionMask = 2147483647;
			files = (
				F0D905B51D9A52AD0067215C /* SlideDownAlertViewUITests.swift in Sources */,
			);
			runOnlyForDeploymentPostprocessing = 0;
		};
/* End PBXSourcesBuildPhase section */

/* Begin PBXTargetDependency section */
		F0D905A71D9A52AD0067215C /* PBXTargetDependency */ = {
			isa = PBXTargetDependency;
			target = F0D905901D9A52AC0067215C /* SlideDownAlertView */;
			targetProxy = F0D905A61D9A52AD0067215C /* PBXContainerItemProxy */;
		};
		F0D905B21D9A52AD0067215C /* PBXTargetDependency */ = {
			isa = PBXTargetDependency;
			target = F0D905901D9A52AC0067215C /* SlideDownAlertView */;
			targetProxy = F0D905B11D9A52AD0067215C /* PBXContainerItemProxy */;
		};
/* End PBXTargetDependency section */

/* Begin PBXVariantGroup section */
		F0D905981D9A52AD0067215C /* Main.storyboard */ = {
			isa = PBXVariantGroup;
			children = (
				F0D905991D9A52AD0067215C /* Base */,
			);
			name = Main.storyboard;
			sourceTree = "<group>";
		};
		F0D9059D1D9A52AD0067215C /* LaunchScreen.storyboard */ = {
			isa = PBXVariantGroup;
			children = (
				F0D9059E1D9A52AD0067215C /* Base */,
			);
			name = LaunchScreen.storyboard;
			sourceTree = "<group>";
		};
/* End PBXVariantGroup section */

/* Begin XCBuildConfiguration section */
		F0D905B71D9A52AD0067215C /* Debug */ = {
			isa = XCBuildConfiguration;
			buildSettings = {
				ALWAYS_SEARCH_USER_PATHS = NO;
				CLANG_ANALYZER_NONNULL = YES;
				CLANG_CXX_LANGUAGE_STANDARD = "gnu++0x";
				CLANG_CXX_LIBRARY = "libc++";
				CLANG_ENABLE_MODULES = YES;
				CLANG_ENABLE_OBJC_ARC = YES;
				CLANG_WARN_BOOL_CONVERSION = YES;
				CLANG_WARN_CONSTANT_CONVERSION = YES;
				CLANG_WARN_DIRECT_OBJC_ISA_USAGE = YES_ERROR;
				CLANG_WARN_DOCUMENTATION_COMMENTS = YES;
				CLANG_WARN_EMPTY_BODY = YES;
				CLANG_WARN_ENUM_CONVERSION = YES;
				CLANG_WARN_INFINITE_RECURSION = YES;
				CLANG_WARN_INT_CONVERSION = YES;
				CLANG_WARN_OBJC_ROOT_CLASS = YES_ERROR;
				CLANG_WARN_SUSPICIOUS_MOVES = YES;
				CLANG_WARN_UNREACHABLE_CODE = YES;
				CLANG_WARN__DUPLICATE_METHOD_MATCH = YES;
				"CODE_SIGN_IDENTITY[sdk=iphoneos*]" = "iPhone Developer";
				COPY_PHASE_STRIP = NO;
				DEBUG_INFORMATION_FORMAT = dwarf;
				ENABLE_STRICT_OBJC_MSGSEND = YES;
				ENABLE_TESTABILITY = YES;
				GCC_C_LANGUAGE_STANDARD = gnu99;
				GCC_DYNAMIC_NO_PIC = NO;
				GCC_NO_COMMON_BLOCKS = YES;
				GCC_OPTIMIZATION_LEVEL = 0;
				GCC_PREPROCESSOR_DEFINITIONS = (
					"DEBUG=1",
					"$(inherited)",
				);
				GCC_WARN_64_TO_32_BIT_CONVERSION = YES;
				GCC_WARN_ABOUT_RETURN_TYPE = YES_ERROR;
				GCC_WARN_UNDECLARED_SELECTOR = YES;
				GCC_WARN_UNINITIALIZED_AUTOS = YES_AGGRESSIVE;
				GCC_WARN_UNUSED_FUNCTION = YES;
				GCC_WARN_UNUSED_VARIABLE = YES;
				IPHONEOS_DEPLOYMENT_TARGET = 8.0;
				MTL_ENABLE_DEBUG_INFO = YES;
				ONLY_ACTIVE_ARCH = YES;
				SDKROOT = iphoneos;
				SWIFT_ACTIVE_COMPILATION_CONDITIONS = DEBUG;
				SWIFT_OPTIMIZATION_LEVEL = "-Onone";
			};
			name = Debug;
		};
		F0D905B81D9A52AD0067215C /* Release */ = {
			isa = XCBuildConfiguration;
			buildSettings = {
				ALWAYS_SEARCH_USER_PATHS = NO;
				CLANG_ANALYZER_NONNULL = YES;
				CLANG_CXX_LANGUAGE_STANDARD = "gnu++0x";
				CLANG_CXX_LIBRARY = "libc++";
				CLANG_ENABLE_MODULES = YES;
				CLANG_ENABLE_OBJC_ARC = YES;
				CLANG_WARN_BOOL_CONVERSION = YES;
				CLANG_WARN_CONSTANT_CONVERSION = YES;
				CLANG_WARN_DIRECT_OBJC_ISA_USAGE = YES_ERROR;
				CLANG_WARN_DOCUMENTATION_COMMENTS = YES;
				CLANG_WARN_EMPTY_BODY = YES;
				CLANG_WARN_ENUM_CONVERSION = YES;
				CLANG_WARN_INFINITE_RECURSION = YES;
				CLANG_WARN_INT_CONVERSION = YES;
				CLANG_WARN_OBJC_ROOT_CLASS = YES_ERROR;
				CLANG_WARN_SUSPICIOUS_MOVES = YES;
				CLANG_WARN_UNREACHABLE_CODE = YES;
				CLANG_WARN__DUPLICATE_METHOD_MATCH = YES;
				"CODE_SIGN_IDENTITY[sdk=iphoneos*]" = "iPhone Developer";
				COPY_PHASE_STRIP = NO;
				DEBUG_INFORMATION_FORMAT = "dwarf-with-dsym";
				ENABLE_NS_ASSERTIONS = NO;
				ENABLE_STRICT_OBJC_MSGSEND = YES;
				GCC_C_LANGUAGE_STANDARD = gnu99;
				GCC_NO_COMMON_BLOCKS = YES;
				GCC_WARN_64_TO_32_BIT_CONVERSION = YES;
				GCC_WARN_ABOUT_RETURN_TYPE = YES_ERROR;
				GCC_WARN_UNDECLARED_SELECTOR = YES;
				GCC_WARN_UNINITIALIZED_AUTOS = YES_AGGRESSIVE;
				GCC_WARN_UNUSED_FUNCTION = YES;
				GCC_WARN_UNUSED_VARIABLE = YES;
				IPHONEOS_DEPLOYMENT_TARGET = 8.0;
				MTL_ENABLE_DEBUG_INFO = NO;
				SDKROOT = iphoneos;
				SWIFT_OPTIMIZATION_LEVEL = "-Owholemodule";
				VALIDATE_PRODUCT = YES;
			};
			name = Release;
		};
		F0D905BA1D9A52AD0067215C /* Debug */ = {
			isa = XCBuildConfiguration;
			baseConfigurationReference = B9AA55C0973D0C229E8C4C1D /* Pods-SlideDownAlertView.debug.xcconfig */;
			buildSettings = {
				ASSETCATALOG_COMPILER_APPICON_NAME = AppIcon;
				DEVELOPMENT_TEAM = A87JSR2QQW;
				INFOPLIST_FILE = SlideDownAlertView/Info.plist;
				IPHONEOS_DEPLOYMENT_TARGET = 8.0;
				LD_RUNPATH_SEARCH_PATHS = "$(inherited) @executable_path/Frameworks";
				PRODUCT_BUNDLE_IDENTIFIER = terutoyamasaki.com.SlideDownAlertView;
				PRODUCT_NAME = "$(TARGET_NAME)";
				SWIFT_VERSION = 3.0;
			};
			name = Debug;
		};
		F0D905BB1D9A52AD0067215C /* Release */ = {
			isa = XCBuildConfiguration;
			baseConfigurationReference = 2CD81405AD8AD27EBE7D4710 /* Pods-SlideDownAlertView.release.xcconfig */;
			buildSettings = {
				ASSETCATALOG_COMPILER_APPICON_NAME = AppIcon;
				DEVELOPMENT_TEAM = A87JSR2QQW;
				INFOPLIST_FILE = SlideDownAlertView/Info.plist;
				IPHONEOS_DEPLOYMENT_TARGET = 8.0;
				LD_RUNPATH_SEARCH_PATHS = "$(inherited) @executable_path/Frameworks";
				PRODUCT_BUNDLE_IDENTIFIER = terutoyamasaki.com.SlideDownAlertView;
				PRODUCT_NAME = "$(TARGET_NAME)";
				SWIFT_VERSION = 3.0;
			};
			name = Release;
		};
		F0D905BD1D9A52AD0067215C /* Debug */ = {
			isa = XCBuildConfiguration;
			buildSettings = {
				ALWAYS_EMBED_SWIFT_STANDARD_LIBRARIES = YES;
				BUNDLE_LOADER = "$(TEST_HOST)";
				INFOPLIST_FILE = SlideDownAlertViewTests/Info.plist;
				LD_RUNPATH_SEARCH_PATHS = "$(inherited) @executable_path/Frameworks @loader_path/Frameworks";
				PRODUCT_BUNDLE_IDENTIFIER = terutoyamasaki.com.SlideDownAlertViewTests;
				PRODUCT_NAME = "$(TARGET_NAME)";
				SWIFT_VERSION = 3.0;
				TEST_HOST = "$(BUILT_PRODUCTS_DIR)/SlideDownAlertView.app/SlideDownAlertView";
			};
			name = Debug;
		};
		F0D905BE1D9A52AD0067215C /* Release */ = {
			isa = XCBuildConfiguration;
			buildSettings = {
				ALWAYS_EMBED_SWIFT_STANDARD_LIBRARIES = YES;
				BUNDLE_LOADER = "$(TEST_HOST)";
				INFOPLIST_FILE = SlideDownAlertViewTests/Info.plist;
				LD_RUNPATH_SEARCH_PATHS = "$(inherited) @executable_path/Frameworks @loader_path/Frameworks";
				PRODUCT_BUNDLE_IDENTIFIER = terutoyamasaki.com.SlideDownAlertViewTests;
				PRODUCT_NAME = "$(TARGET_NAME)";
				SWIFT_VERSION = 3.0;
				TEST_HOST = "$(BUILT_PRODUCTS_DIR)/SlideDownAlertView.app/SlideDownAlertView";
			};
			name = Release;
		};
		F0D905C01D9A52AD0067215C /* Debug */ = {
			isa = XCBuildConfiguration;
			buildSettings = {
				ALWAYS_EMBED_SWIFT_STANDARD_LIBRARIES = YES;
				INFOPLIST_FILE = SlideDownAlertViewUITests/Info.plist;
				LD_RUNPATH_SEARCH_PATHS = "$(inherited) @executable_path/Frameworks @loader_path/Frameworks";
				PRODUCT_BUNDLE_IDENTIFIER = terutoyamasaki.com.SlideDownAlertViewUITests;
				PRODUCT_NAME = "$(TARGET_NAME)";
				SWIFT_VERSION = 3.0;
				TEST_TARGET_NAME = SlideDownAlertView;
			};
			name = Debug;
		};
		F0D905C11D9A52AD0067215C /* Release */ = {
			isa = XCBuildConfiguration;
			buildSettings = {
				ALWAYS_EMBED_SWIFT_STANDARD_LIBRARIES = YES;
				INFOPLIST_FILE = SlideDownAlertViewUITests/Info.plist;
				LD_RUNPATH_SEARCH_PATHS = "$(inherited) @executable_path/Frameworks @loader_path/Frameworks";
				PRODUCT_BUNDLE_IDENTIFIER = terutoyamasaki.com.SlideDownAlertViewUITests;
				PRODUCT_NAME = "$(TARGET_NAME)";
				SWIFT_VERSION = 3.0;
				TEST_TARGET_NAME = SlideDownAlertView;
			};
			name = Release;
		};
/* End XCBuildConfiguration section */

/* Begin XCConfigurationList section */
		F0D9058C1D9A52AC0067215C /* Build configuration list for PBXProject "SlideDownAlertView" */ = {
			isa = XCConfigurationList;
			buildConfigurations = (
				F0D905B71D9A52AD0067215C /* Debug */,
				F0D905B81D9A52AD0067215C /* Release */,
			);
			defaultConfigurationIsVisible = 0;
			defaultConfigurationName = Release;
		};
		F0D905B91D9A52AD0067215C /* Build configuration list for PBXNativeTarget "SlideDownAlertView" */ = {
			isa = XCConfigurationList;
			buildConfigurations = (
				F0D905BA1D9A52AD0067215C /* Debug */,
				F0D905BB1D9A52AD0067215C /* Release */,
			);
			defaultConfigurationIsVisible = 0;
			defaultConfigurationName = Release;
		};
		F0D905BC1D9A52AD0067215C /* Build configuration list for PBXNativeTarget "SlideDownAlertViewTests" */ = {
			isa = XCConfigurationList;
			buildConfigurations = (
				F0D905BD1D9A52AD0067215C /* Debug */,
				F0D905BE1D9A52AD0067215C /* Release */,
			);
			defaultConfigurationIsVisible = 0;
			defaultConfigurationName = Release;
		};
		F0D905BF1D9A52AD0067215C /* Build configuration list for PBXNativeTarget "SlideDownAlertViewUITests" */ = {
			isa = XCConfigurationList;
			buildConfigurations = (
				F0D905C01D9A52AD0067215C /* Debug */,
				F0D905C11D9A52AD0067215C /* Release */,
			);
			defaultConfigurationIsVisible = 0;
			defaultConfigurationName = Release;
		};
/* End XCConfigurationList section */
	};
	rootObject = F0D905891D9A52AC0067215C /* Project object */;
}
